
Microsoft Visual Studio Solution File, Format Version 12.00
# Visual Studio Version 17
VisualStudioVersion = 17.7.34018.315
MinimumVisualStudioVersion = 10.0.40219.1
Project("{FAE04EC0-301F-11D3-BF4B-00C04F79EFBC}") = "Activity 4 Breakfast Menu", "Activity 4 Breakfast Menu.csproj", "{90A1E57E-5035-4E53-BE65-5BA620CE6B77}"
EndProject
Global
	GlobalSection(SolutionConfigurationPlatforms) = preSolution
		Debug|Any CPU = Debug|Any CPU
		Release|Any CPU = Release|Any CPU
	EndGlobalSection
	GlobalSection(ProjectConfigurationPlatforms) = postSolution
		{90A1E57E-5035-4E53-BE65-5BA620CE6B77}.Debug|Any CPU.ActiveCfg = Debug|Any CPU
		{90A1E57E-5035-4E53-BE65-5BA620CE6B77}.Debug|Any CPU.Build.0 = Debug|Any CPU
		{90A1E57E-5035-4E53-BE65-5BA620CE6B77}.Release|Any CPU.ActiveCfg = Release|Any CPU
		{90A1E57E-5035-4E53-BE65-5BA620CE6B77}.Release|Any CPU.Build.0 = Release|Any CPU
	EndGlobalSection
	GlobalSection(SolutionProperties) = preSolution
		HideSolutionNode = FALSE
	EndGlobalSection
	GlobalSection(ExtensibilityGlobals) = postSolution
		SolutionGuid = {E508A7B5-6BC9-4FF2-B0A1-536D92A41948}
	EndGlobalSection
EndGlobal
